
Microsoft Visual Studio Solution File, Format Version 12.00
# Visual Studio 15
VisualStudioVersion = 15.0.28307.168
MinimumVisualStudioVersion = 10.0.40219.1
Project("{9A19103F-16F7-4668-BE54-9A1E7A4F7556}") = "FixtureServiceProvider", "FixtureServiceProvider.csproj", "{06862FD0-C221-4492-815D-133C4CF95274}"
EndProject
Project("{2150E333-8FDC-42A3-9474-1A3956D46DE8}") = "ConsumerMock", "ConsumerMock", "{1F1440F5-24BC-4D8E-A30A-59154129E148}"
EndProject
Project("{FAE04EC0-301F-11D3-BF4B-00C04F79EFBC}") = "FixtureServicesConsumer", "..\FixtureServicesConsumer\FixtureServicesConsumer.csproj", "{E6174491-B774-4BCF-B1BA-A3643DF129D2}"
EndProject
Project("{FAE04EC0-301F-11D3-BF4B-00C04F79EFBC}") = "PactPublisherApp", "..\PactPublisher\PactPublisherApp.csproj", "{ED8977DA-B41E-4930-982A-F940A0E1357C}"
EndProject
Project("{9A19103F-16F7-4668-BE54-9A1E7A4F7556}") = "Consumer.Tests", "..\Consumer.Tests\Consumer.Tests.csproj", "{A7D35663-0FC5-4644-AE67-F2E4BF9FA87C}"
EndProject
Global
	GlobalSection(SolutionConfigurationPlatforms) = preSolution
		Debug|Any CPU = Debug|Any CPU
		Release|Any CPU = Release|Any CPU
	EndGlobalSection
	GlobalSection(ProjectConfigurationPlatforms) = postSolution
		{06862FD0-C221-4492-815D-133C4CF95274}.Debug|Any CPU.ActiveCfg = Debug|Any CPU
		{06862FD0-C221-4492-815D-133C4CF95274}.Debug|Any CPU.Build.0 = Debug|Any CPU
		{06862FD0-C221-4492-815D-133C4CF95274}.Release|Any CPU.ActiveCfg = Release|Any CPU
		{06862FD0-C221-4492-815D-133C4CF95274}.Release|Any CPU.Build.0 = Release|Any CPU
		{E6174491-B774-4BCF-B1BA-A3643DF129D2}.Debug|Any CPU.ActiveCfg = Debug|Any CPU
		{E6174491-B774-4BCF-B1BA-A3643DF129D2}.Debug|Any CPU.Build.0 = Debug|Any CPU
		{E6174491-B774-4BCF-B1BA-A3643DF129D2}.Release|Any CPU.ActiveCfg = Release|Any CPU
		{E6174491-B774-4BCF-B1BA-A3643DF129D2}.Release|Any CPU.Build.0 = Release|Any CPU
		{ED8977DA-B41E-4930-982A-F940A0E1357C}.Debug|Any CPU.ActiveCfg = Debug|Any CPU
		{ED8977DA-B41E-4930-982A-F940A0E1357C}.Debug|Any CPU.Build.0 = Debug|Any CPU
		{ED8977DA-B41E-4930-982A-F940A0E1357C}.Release|Any CPU.ActiveCfg = Release|Any CPU
		{ED8977DA-B41E-4930-982A-F940A0E1357C}.Release|Any CPU.Build.0 = Release|Any CPU
		{A7D35663-0FC5-4644-AE67-F2E4BF9FA87C}.Debug|Any CPU.ActiveCfg = Debug|Any CPU
		{A7D35663-0FC5-4644-AE67-F2E4BF9FA87C}.Debug|Any CPU.Build.0 = Debug|Any CPU
		{A7D35663-0FC5-4644-AE67-F2E4BF9FA87C}.Release|Any CPU.ActiveCfg = Release|Any CPU
		{A7D35663-0FC5-4644-AE67-F2E4BF9FA87C}.Release|Any CPU.Build.0 = Release|Any CPU
	EndGlobalSection
	GlobalSection(SolutionProperties) = preSolution
		HideSolutionNode = FALSE
	EndGlobalSection
	GlobalSection(NestedProjects) = preSolution
		{E6174491-B774-4BCF-B1BA-A3643DF129D2} = {1F1440F5-24BC-4D8E-A30A-59154129E148}
		{ED8977DA-B41E-4930-982A-F940A0E1357C} = {1F1440F5-24BC-4D8E-A30A-59154129E148}
		{A7D35663-0FC5-4644-AE67-F2E4BF9FA87C} = {1F1440F5-24BC-4D8E-A30A-59154129E148}
	EndGlobalSection
	GlobalSection(ExtensibilityGlobals) = postSolution
		SolutionGuid = {3A01449D-D9BF-4DD2-BE87-E9ECBE6696B1}
	EndGlobalSection
EndGlobal
